{
    "_readme": "This file was generated by Sheep on August 7, 2020, 9:36 am.",
    "plugins": {
        "scorehud": {
            "source": "Poggit",
            "name": "ScoreHud",
            "version": "5.2.0",
            "update": null,
            "state": 3
        },
        "sheep": {
            "source": "Poggit",
            "name": "Sheep",
            "version": "5.2.3",
            "update": null,
            "state": 3
        },
        "curseddrop": {
            "source": "Local",
            "name": "CursedDrop",
            "version": "0.1-alpha",
            "update": null,
            "state": 3
        },
        "devtools": {
            "source": "Poggit",
            "name": "DevTools",
            "version": "1.14.0",
            "update": null,
            "state": 3
        },
        "economyapi": {
            "source": "Poggit",
            "name": "EconomyAPI",
            "version": "5.7.2",
            "update": null,
            "state": 3
        },
        "slapper": {
            "source": "Poggit",
            "name": "Slapper",
            "version": "1.6.0",
            "update": null,
            "state": 3
        },
        "purechat": {
            "source": "Local",
            "name": "PureChat",
            "version": "1.4.11",
            "update": null,
            "state": 3
        },
        "pureperms": {
            "source": "Poggit",
            "name": "PurePerms",
            "version": "1.4.3",
            "update": null,
            "state": 3
        },
        "multiworld": {
            "source": "Poggit",
            "name": "MultiWorld",
            "version": "1.5.2",
            "update": null,
            "state": 3
        },
        "factionspro": {
            "source": "Poggit",
            "name": "FactionsPro",
            "version": "1.3.20",
            "update": null,
            "state": 3
        },
        "devirion": {
            "source": "Poggit",
            "name": "DEVirion",
            "version": "1.2.7",
            "update": null,
            "state": 3
        },
        "randomfish": {
            "source": "Local",
            "name": "RandomFish",
            "version": "0.1.lpk",
            "update": null,
            "state": 3
        },
        "piggycustomenchants": {
            "source": "Poggit",
            "name": "PiggyCustomEnchants",
            "version": "2.3.0",
            "update": null,
            "state": 3
        },
        "rankcolor": {
            "source": "Local",
            "name": "RankColor",
            "version": "0.1-ngl_alpha",
            "update": null,
            "state": 3
        },
        "invcrashfix": {
            "source": "Local",
            "name": "InvCrashFix",
            "version": "0.0.1",
            "update": null,
            "state": 3
        },
        "oregen": {
            "source": "Poggit",
            "name": "OreGen",
            "version": "1.2.5",
            "update": null,
            "state": 3
        },
        "skyfishisland": {
            "source": "Local",
            "name": "SkyFishIsland",
            "version": "4",
            "update": null,
            "state": 3
        },
        "myplot": {
            "source": "Poggit",
            "name": "MyPlot",
            "version": "1.7.1",
            "update": null,
            "state": 3
        },
        "island": {
            "source": "Local",
            "name": "Island",
            "version": "1.7.0",
            "update": null,
            "state": 3
        },
        "autoclearlagg": {
            "source": "Poggit",
            "name": "AutoClearLagg",
            "version": "3.1.0",
            "update": null,
            "state": 3
        },
        "buildertools": {
            "source": "Poggit",
            "name": "BuilderTools",
            "version": "1.2.0-beta2",
            "update": null,
            "state": 3
        },
        "formapi": {
            "source": "Poggit",
            "name": "FormAPI",
            "version": "1.3.0",
            "update": null,
            "state": 3
        },
        "redskyblock": {
            "source": "Poggit",
            "name": "RedSkyBlock",
            "version": "3.1.1",
            "update": null,
            "state": 3
        },
        "jinodk-farm": {
            "source": "Local",
            "name": "JINODK-Farm",
            "version": "0.3.lpk",
            "update": null,
            "state": 3
        },
        "customshopui": {
            "source": "Local",
            "name": "CustomShopUI",
            "version": "4.0.5",
            "update": null,
            "state": 3
        },
        "autoinv": {
            "source": "Poggit",
            "name": "AutoInv",
            "version": "0.0.10",
            "update": null,
            "state": 3
        },
        "bettervoting": {
            "source": "Local",
            "name": "BetterVoting",
            "version": "2.0.2",
            "update": null,
            "state": 3
        },
        "namespaceremover": {
            "source": "Poggit",
            "name": "NameSpaceRemover",
            "version": "1.0.0",
            "update": null,
            "state": 3
        },
        "lpktag": {
            "source": "Local",
            "name": "LpkTag",
            "version": "0.1.lpk",
            "update": null,
            "state": 3
        },
        "onlinetime": {
            "source": "Poggit",
            "name": "OnlineTime",
            "version": "1.3",
            "update": null,
            "state": 3
        },
        "snow": {
            "source": "Poggit",
            "name": "Snow",
            "version": "1.0.1",
            "update": null,
            "state": 3
        },
        "buykitfm": {
            "source": "Local",
            "name": "BuyKitFM",
            "version": "0.0.1",
            "update": null,
            "state": 3
        }
    }
}